// !$*UTF8*$!
{
	archiveVersion = 1;
	classes = {
	};
	objectVersion = 46;
	objects = {

/* Begin PBXBuildFile section */
		3F57F5F31CB510B300076154 /* AppDelegate.swift in Sources */ = {isa = PBXBuildFile; fileRef = 3F57F5F21CB510B300076154 /* AppDelegate.swift */; };
		3F57F5FA1CB510B300076154 /* Assets.xcassets in Resources */ = {isa = PBXBuildFile; fileRef = 3F57F5F91CB510B300076154 /* Assets.xcassets */; };
		3F57F5FD1CB510B300076154 /* LaunchScreen.storyboard in Resources */ = {isa = PBXBuildFile; fileRef = 3F57F5FB1CB510B300076154 /* LaunchScreen.storyboard */; };
		3F57F6071CB5137F00076154 /* CloudFileListViewController.swift in Sources */ = {isa = PBXBuildFile; fileRef = 3F57F6051CB5137F00076154 /* CloudFileListViewController.swift */; };
		3F57F6081CB5137F00076154 /* CloudFileListViewController.xib in Resources */ = {isa = PBXBuildFile; fileRef = 3F57F6061CB5137F00076154 /* CloudFileListViewController.xib */; };
		3F57F60D1CB517C400076154 /* README.md in Sources */ = {isa = PBXBuildFile; fileRef = 3F57F60C1CB517C400076154 /* README.md */; };
		3F57F6101CB523FE00076154 /* AddCloudFileViewController.swift in Sources */ = {isa = PBXBuildFile; fileRef = 3F57F60E1CB523FE00076154 /* AddCloudFileViewController.swift */; };
		3F57F6111CB523FE00076154 /* AddCloudFileViewController.xib in Resources */ = {isa = PBXBuildFile; fileRef = 3F57F60F1CB523FE00076154 /* AddCloudFileViewController.xib */; };
		3F57F6141CB5244200076154 /* CloudFileDetailViewController.swift in Sources */ = {isa = PBXBuildFile; fileRef = 3F57F6121CB5244200076154 /* CloudFileDetailViewController.swift */; };
		3F57F6151CB5244200076154 /* CloudFileDetailViewController.xib in Resources */ = {isa = PBXBuildFile; fileRef = 3F57F6131CB5244200076154 /* CloudFileDetailViewController.xib */; };
		3F6CC2581CB5AE7300F6C746 /* EnterLineDataTableViewCell.swift in Sources */ = {isa = PBXBuildFile; fileRef = 3F6CC2561CB5AE7300F6C746 /* EnterLineDataTableViewCell.swift */; };
		3F6CC2591CB5AE7300F6C746 /* EnterLineDataTableViewCell.xib in Resources */ = {isa = PBXBuildFile; fileRef = 3F6CC2571CB5AE7300F6C746 /* EnterLineDataTableViewCell.xib */; };
		3F6CC25C1CB5B18C00F6C746 /* EditCloudFileViewController.swift in Sources */ = {isa = PBXBuildFile; fileRef = 3F6CC25A1CB5B18C00F6C746 /* EditCloudFileViewController.swift */; };
		3F6CC25D1CB5B18C00F6C746 /* EditCloudFileViewController.xib in Resources */ = {isa = PBXBuildFile; fileRef = 3F6CC25B1CB5B18C00F6C746 /* EditCloudFileViewController.xib */; };
		C4CC993082C57D5073BB3D0C /* libPods.a in Frameworks */ = {isa = PBXBuildFile; fileRef = 385E1CE3D58EE0F8C92D7AEB /* libPods.a */; };
/* End PBXBuildFile section */

/* Begin PBXFileReference section */
		352E231B0684F42F8E3E6CC8 /* Pods.release.xcconfig */ = {isa = PBXFileReference; includeInIndex = 1; lastKnownFileType = text.xcconfig; name = Pods.release.xcconfig; path = "Pods/Target Support Files/Pods/Pods.release.xcconfig"; sourceTree = "<group>"; };
		385E1CE3D58EE0F8C92D7AEB /* libPods.a */ = {isa = PBXFileReference; explicitFileType = archive.ar; includeInIndex = 0; path = libPods.a; sourceTree = BUILT_PRODUCTS_DIR; };
		3F57F5EF1CB510B300076154 /* PWCloud.app */ = {isa = PBXFileReference; explicitFileType = wrapper.application; includeInIndex = 0; path = PWCloud.app; sourceTree = BUILT_PRODUCTS_DIR; };
		3F57F5F21CB510B300076154 /* AppDelegate.swift */ = {isa = PBXFileReference; lastKnownFileType = sourcecode.swift; path = AppDelegate.swift; sourceTree = "<group>"; };
		3F57F5F91CB510B300076154 /* Assets.xcassets */ = {isa = PBXFileReference; lastKnownFileType = folder.assetcatalog; path = Assets.xcassets; sourceTree = "<group>"; };
		3F57F5FC1CB510B300076154 /* Base */ = {isa = PBXFileReference; lastKnownFileType = file.storyboard; name = Base; path = Base.lproj/LaunchScreen.storyboard; sourceTree = "<group>"; };
		3F57F5FE1CB510B300076154 /* Info.plist */ = {isa = PBXFileReference; lastKnownFileType = text.plist.xml; path = Info.plist; sourceTree = "<group>"; };
		3F57F6041CB5132600076154 /* PWCloud.entitlements */ = {isa = PBXFileReference; lastKnownFileType = text.xml; path = PWCloud.entitlements; sourceTree = "<group>"; };
		3F57F6051CB5137F00076154 /* CloudFileListViewController.swift */ = {isa = PBXFileReference; fileEncoding = 4; lastKnownFileType = sourcecode.swift; path = CloudFileListViewController.swift; sourceTree = "<group>"; };
		3F57F6061CB5137F00076154 /* CloudFileListViewController.xib */ = {isa = PBXFileReference; fileEncoding = 4; lastKnownFileType = file.xib; path = CloudFileListViewController.xib; sourceTree = "<group>"; };
		3F57F6091CB5159400076154 /* PWCloud-Bridging-Header.h */ = {isa = PBXFileReference; lastKnownFileType = sourcecode.c.h; path = "PWCloud-Bridging-Header.h"; sourceTree = "<group>"; };
		3F57F60C1CB517C400076154 /* README.md */ = {isa = PBXFileReference; fileEncoding = 4; lastKnownFileType = net.daringfireball.markdown; path = README.md; sourceTree = SOURCE_ROOT; };
		3F57F60E1CB523FE00076154 /* AddCloudFileViewController.swift */ = {isa = PBXFileReference; fileEncoding = 4; lastKnownFileType = sourcecode.swift; path = AddCloudFileViewController.swift; sourceTree = "<group>"; };
		3F57F60F1CB523FE00076154 /* AddCloudFileViewController.xib */ = {isa = PBXFileReference; fileEncoding = 4; lastKnownFileType = file.xib; path = AddCloudFileViewController.xib; sourceTree = "<group>"; };
		3F57F6121CB5244200076154 /* CloudFileDetailViewController.swift */ = {isa = PBXFileReference; fileEncoding = 4; lastKnownFileType = sourcecode.swift; path = CloudFileDetailViewController.swift; sourceTree = "<group>"; };
		3F57F6131CB5244200076154 /* CloudFileDetailViewController.xib */ = {isa = PBXFileReference; fileEncoding = 4; lastKnownFileType = file.xib; path = CloudFileDetailViewController.xib; sourceTree = "<group>"; };
		3F6CC2561CB5AE7300F6C746 /* EnterLineDataTableViewCell.swift */ = {isa = PBXFileReference; fileEncoding = 4; lastKnownFileType = sourcecode.swift; path = EnterLineDataTableViewCell.swift; sourceTree = "<group>"; };
		3F6CC2571CB5AE7300F6C746 /* EnterLineDataTableViewCell.xib */ = {isa = PBXFileReference; fileEncoding = 4; lastKnownFileType = file.xib; path = EnterLineDataTableViewCell.xib; sourceTree = "<group>"; };
		3F6CC25A1CB5B18C00F6C746 /* EditCloudFileViewController.swift */ = {isa = PBXFileReference; fileEncoding = 4; lastKnownFileType = sourcecode.swift; path = EditCloudFileViewController.swift; sourceTree = "<group>"; };
		3F6CC25B1CB5B18C00F6C746 /* EditCloudFileViewController.xib */ = {isa = PBXFileReference; fileEncoding = 4; lastKnownFileType = file.xib; path = EditCloudFileViewController.xib; sourceTree = "<group>"; };
		8ECC82EAEDCB9E79561DB2EA /* Pods.debug.xcconfig */ = {isa = PBXFileReference; includeInIndex = 1; lastKnownFileType = text.xcconfig; name = Pods.debug.xcconfig; path = "Pods/Target Support Files/Pods/Pods.debug.xcconfig"; sourceTree = "<group>"; };
/* End PBXFileReference section */

/* Begin PBXFrameworksBuildPhase section */
		3F57F5EC1CB510B300076154 /* Frameworks */ = {
			isa = PBXFrameworksBuildPhase;
			buildActionMask = 2147483647;
			files = (
				C4CC993082C57D5073BB3D0C /* libPods.a in Frameworks */,
			);
			runOnlyForDeploymentPostprocessing = 0;
		};
/* End PBXFrameworksBuildPhase section */

/* Begin PBXGroup section */
		3F57F5E61CB510B300076154 = {
			isa = PBXGroup;
			children = (
				3F57F5F11CB510B300076154 /* PWCloud */,
				3F57F5F01CB510B300076154 /* Products */,
				BDF5CE2BB8C85CCCD05B2324 /* Pods */,
				B63C0787F730D8AC8034794B /* Frameworks */,
			);
			sourceTree = "<group>";
		};
		3F57F5F01CB510B300076154 /* Products */ = {
			isa = PBXGroup;
			children = (
				3F57F5EF1CB510B300076154 /* PWCloud.app */,
			);
			name = Products;
			sourceTree = "<group>";
		};
		3F57F5F11CB510B300076154 /* PWCloud */ = {
			isa = PBXGroup;
			children = (
				3F57F6041CB5132600076154 /* PWCloud.entitlements */,
				3F57F5F21CB510B300076154 /* AppDelegate.swift */,
				3F57F6051CB5137F00076154 /* CloudFileListViewController.swift */,
				3F57F6061CB5137F00076154 /* CloudFileListViewController.xib */,
				3F57F6121CB5244200076154 /* CloudFileDetailViewController.swift */,
				3F57F6131CB5244200076154 /* CloudFileDetailViewController.xib */,
				3F57F60E1CB523FE00076154 /* AddCloudFileViewController.swift */,
				3F57F60F1CB523FE00076154 /* AddCloudFileViewController.xib */,
				3F6CC25A1CB5B18C00F6C746 /* EditCloudFileViewController.swift */,
				3F6CC25B1CB5B18C00F6C746 /* EditCloudFileViewController.xib */,
				3F6CC2561CB5AE7300F6C746 /* EnterLineDataTableViewCell.swift */,
				3F6CC2571CB5AE7300F6C746 /* EnterLineDataTableViewCell.xib */,
				3F57F5F91CB510B300076154 /* Assets.xcassets */,
				3F57F5FB1CB510B300076154 /* LaunchScreen.storyboard */,
				3F57F5FE1CB510B300076154 /* Info.plist */,
				3F57F6091CB5159400076154 /* PWCloud-Bridging-Header.h */,
				3F57F60C1CB517C400076154 /* README.md */,
			);
			path = PWCloud;
			sourceTree = "<group>";
		};
		B63C0787F730D8AC8034794B /* Frameworks */ = {
			isa = PBXGroup;
			children = (
				385E1CE3D58EE0F8C92D7AEB /* libPods.a */,
			);
			name = Frameworks;
			sourceTree = "<group>";
		};
		BDF5CE2BB8C85CCCD05B2324 /* Pods */ = {
			isa = PBXGroup;
			children = (
				8ECC82EAEDCB9E79561DB2EA /* Pods.debug.xcconfig */,
				352E231B0684F42F8E3E6CC8 /* Pods.release.xcconfig */,
			);
			name = Pods;
			sourceTree = "<group>";
		};
/* End PBXGroup section */

/* Begin PBXNativeTarget section */
		3F57F5EE1CB510B300076154 /* PWCloud */ = {
			isa = PBXNativeTarget;
			buildConfigurationList = 3F57F6011CB510B300076154 /* Build configuration list for PBXNativeTarget "PWCloud" */;
			buildPhases = (
				6EA1EBE9580994E1201EC361 /* Check Pods Manifest.lock */,
				3F57F5EB1CB510B300076154 /* Sources */,
				3F57F5EC1CB510B300076154 /* Frameworks */,
				3F57F5ED1CB510B300076154 /* Resources */,
				B98852FA2B1116BA8AFAF808 /* Embed Pods Frameworks */,
				D273D064909AE89C94584B14 /* Copy Pods Resources */,
			);
			buildRules = (
			);
			dependencies = (
			);
			name = PWCloud;
			productName = PWCloud;
			productReference = 3F57F5EF1CB510B300076154 /* PWCloud.app */;
			productType = "com.apple.product-type.application";
		};
/* End PBXNativeTarget section */

/* Begin PBXProject section */
		3F57F5E71CB510B300076154 /* Project object */ = {
			isa = PBXProject;
			attributes = {
				LastSwiftUpdateCheck = 0730;
				LastUpgradeCheck = 0730;
				ORGANIZATIONNAME = Paveway;
				TargetAttributes = {
					3F57F5EE1CB510B300076154 = {
						CreatedOnToolsVersion = 7.3;
						DevelopmentTeam = 5Q7YHJUK8E;
						SystemCapabilities = {
							com.apple.iCloud = {
								enabled = 1;
							};
						};
					};
				};
			};
			buildConfigurationList = 3F57F5EA1CB510B300076154 /* Build configuration list for PBXProject "PWCloud" */;
			compatibilityVersion = "Xcode 3.2";
			developmentRegion = English;
			hasScannedForEncodings = 0;
			knownRegions = (
				en,
				Base,
			);
			mainGroup = 3F57F5E61CB510B300076154;
			productRefGroup = 3F57F5F01CB510B300076154 /* Products */;
			projectDirPath = "";
			projectRoot = "";
			targets = (
				3F57F5EE1CB510B300076154 /* PWCloud */,
			);
		};
/* End PBXProject section */

/* Begin PBXResourcesBuildPhase section */
		3F57F5ED1CB510B300076154 /* Resources */ = {
			isa = PBXResourcesBuildPhase;
			buildActionMask = 2147483647;
			files = (
				3F57F5FD1CB510B300076154 /* LaunchScreen.storyboard in Resources */,
				3F6CC2591CB5AE7300F6C746 /* EnterLineDataTableViewCell.xib in Resources */,
				3F6CC25D1CB5B18C00F6C746 /* EditCloudFileViewController.xib in Resources */,
				3F57F5FA1CB510B300076154 /* Assets.xcassets in Resources */,
				3F57F6151CB5244200076154 /* CloudFileDetailViewController.xib in Resources */,
				3F57F6111CB523FE00076154 /* AddCloudFileViewController.xib in Resources */,
				3F57F6081CB5137F00076154 /* CloudFileListViewController.xib in Resources */,
			);
			runOnlyForDeploymentPostprocessing = 0;
		};
/* End PBXResourcesBuildPhase section */

/* Begin PBXShellScriptBuildPhase section */
		6EA1EBE9580994E1201EC361 /* Check Pods Manifest.lock */ = {
			isa = PBXShellScriptBuildPhase;
			buildActionMask = 2147483647;
			files = (
			);
			inputPaths = (
			);
			name = "Check Pods Manifest.lock";
			outputPaths = (
			);
			runOnlyForDeploymentPostprocessing = 0;
			shellPath = /bin/sh;
			shellScript = "diff \"${PODS_ROOT}/../Podfile.lock\" \"${PODS_ROOT}/Manifest.lock\" > /dev/null\nif [[ $? != 0 ]] ; then\n    cat << EOM\nerror: The sandbox is not in sync with the Podfile.lock. Run 'pod install' or update your CocoaPods installation.\nEOM\n    exit 1\nfi\n";
			showEnvVarsInLog = 0;
		};
		B98852FA2B1116BA8AFAF808 /* Embed Pods Frameworks */ = {
			isa = PBXShellScriptBuildPhase;
			buildActionMask = 2147483647;
			files = (
			);
			inputPaths = (
			);
			name = "Embed Pods Frameworks";
			outputPaths = (
			);
			runOnlyForDeploymentPostprocessing = 0;
			shellPath = /bin/sh;
			shellScript = "\"${SRCROOT}/Pods/Target Support Files/Pods/Pods-frameworks.sh\"\n";
			showEnvVarsInLog = 0;
		};
		D273D064909AE89C94584B14 /* Copy Pods Resources */ = {
			isa = PBXShellScriptBuildPhase;
			buildActionMask = 2147483647;
			files = (
			);
			inputPaths = (
			);
			name = "Copy Pods Resources";
			outputPaths = (
			);
			runOnlyForDeploymentPostprocessing = 0;
			shellPath = /bin/sh;
			shellScript = "\"${SRCROOT}/Pods/Target Support Files/Pods/Pods-resources.sh\"\n";
			showEnvVarsInLog = 0;
		};
/* End PBXShellScriptBuildPhase section */

/* Begin PBXSourcesBuildPhase section */
		3F57F5EB1CB510B300076154 /* Sources */ = {
			isa = PBXSourcesBuildPhase;
			buildActionMask = 2147483647;
			files = (
				3F57F6101CB523FE00076154 /* AddCloudFileViewController.swift in Sources */,
				3F57F60D1CB517C400076154 /* README.md in Sources */,
				3F6CC25C1CB5B18C00F6C746 /* EditCloudFileViewController.swift in Sources */,
				3F57F6141CB5244200076154 /* CloudFileDetailViewController.swift in Sources */,
				3F57F6071CB5137F00076154 /* CloudFileListViewController.swift in Sources */,
				3F57F5F31CB510B300076154 /* AppDelegate.swift in Sources */,
				3F6CC2581CB5AE7300F6C746 /* EnterLineDataTableViewCell.swift in Sources */,
			);
			runOnlyForDeploymentPostprocessing = 0;
		};
/* End PBXSourcesBuildPhase section */

/* Begin PBXVariantGroup section */
		3F57F5FB1CB510B300076154 /* LaunchScreen.storyboard */ = {
			isa = PBXVariantGroup;
			children = (
				3F57F5FC1CB510B300076154 /* Base */,
			);
			name = LaunchScreen.storyboard;
			sourceTree = "<group>";
		};
/* End PBXVariantGroup section */

/* Begin XCBuildConfiguration section */
		3F57F5FF1CB510B300076154 /* Debug */ = {
			isa = XCBuildConfiguration;
			buildSettings = {
				ALWAYS_SEARCH_USER_PATHS = NO;
				CLANG_ANALYZER_NONNULL = YES;
				CLANG_CXX_LANGUAGE_STANDARD = "gnu++0x";
				CLANG_CXX_LIBRARY = "libc++";
				CLANG_ENABLE_MODULES = YES;
				CLANG_ENABLE_OBJC_ARC = YES;
				CLANG_WARN_BOOL_CONVERSION = YES;
				CLANG_WARN_CONSTANT_CONVERSION = YES;
				CLANG_WARN_DIRECT_OBJC_ISA_USAGE = YES_ERROR;
				CLANG_WARN_EMPTY_BODY = YES;
				CLANG_WARN_ENUM_CONVERSION = YES;
				CLANG_WARN_INT_CONVERSION = YES;
				CLANG_WARN_OBJC_ROOT_CLASS = YES_ERROR;
				CLANG_WARN_UNREACHABLE_CODE = YES;
				CLANG_WARN__DUPLICATE_METHOD_MATCH = YES;
				"CODE_SIGN_IDENTITY[sdk=iphoneos*]" = "iPhone Developer";
				COPY_PHASE_STRIP = NO;
				DEBUG_INFORMATION_FORMAT = dwarf;
				ENABLE_STRICT_OBJC_MSGSEND = YES;
				ENABLE_TESTABILITY = YES;
				GCC_C_LANGUAGE_STANDARD = gnu99;
				GCC_DYNAMIC_NO_PIC = NO;
				GCC_NO_COMMON_BLOCKS = YES;
				GCC_OPTIMIZATION_LEVEL = 0;
				GCC_PREPROCESSOR_DEFINITIONS = (
					"DEBUG=1",
					"$(inherited)",
				);
				GCC_WARN_64_TO_32_BIT_CONVERSION = YES;
				GCC_WARN_ABOUT_RETURN_TYPE = YES_ERROR;
				GCC_WARN_UNDECLARED_SELECTOR = YES;
				GCC_WARN_UNINITIALIZED_AUTOS = YES_AGGRESSIVE;
				GCC_WARN_UNUSED_FUNCTION = YES;
				GCC_WARN_UNUSED_VARIABLE = YES;
				IPHONEOS_DEPLOYMENT_TARGET = 9.3;
				MTL_ENABLE_DEBUG_INFO = YES;
				ONLY_ACTIVE_ARCH = YES;
				SDKROOT = iphoneos;
				SWIFT_OPTIMIZATION_LEVEL = "-Onone";
				TARGETED_DEVICE_FAMILY = "1,2";
			};
			name = Debug;
		};
		3F57F6001CB510B300076154 /* Release */ = {
			isa = XCBuildConfiguration;
			buildSettings = {
				ALWAYS_SEARCH_USER_PATHS = NO;
				CLANG_ANALYZER_NONNULL = YES;
				CLANG_CXX_LANGUAGE_STANDARD = "gnu++0x";
				CLANG_CXX_LIBRARY = "libc++";
				CLANG_ENABLE_MODULES = YES;
				CLANG_ENABLE_OBJC_ARC = YES;
				CLANG_WARN_BOOL_CONVERSION = YES;
				CLANG_WARN_CONSTANT_CONVERSION = YES;
				CLANG_WARN_DIRECT_OBJC_ISA_USAGE = YES_ERROR;
				CLANG_WARN_EMPTY_BODY = YES;
				CLANG_WARN_ENUM_CONVERSION = YES;
				CLANG_WARN_INT_CONVERSION = YES;
				CLANG_WARN_OBJC_ROOT_CLASS = YES_ERROR;
				CLANG_WARN_UNREACHABLE_CODE = YES;
				CLANG_WARN__DUPLICATE_METHOD_MATCH = YES;
				"CODE_SIGN_IDENTITY[sdk=iphoneos*]" = "iPhone Developer";
				COPY_PHASE_STRIP = NO;
				DEBUG_INFORMATION_FORMAT = "dwarf-with-dsym";
				ENABLE_NS_ASSERTIONS = NO;
				ENABLE_STRICT_OBJC_MSGSEND = YES;
				GCC_C_LANGUAGE_STANDARD = gnu99;
				GCC_NO_COMMON_BLOCKS = YES;
				GCC_WARN_64_TO_32_BIT_CONVERSION = YES;
				GCC_WARN_ABOUT_RETURN_TYPE = YES_ERROR;
				GCC_WARN_UNDECLARED_SELECTOR = YES;
				GCC_WARN_UNINITIALIZED_AUTOS = YES_AGGRESSIVE;
				GCC_WARN_UNUSED_FUNCTION = YES;
				GCC_WARN_UNUSED_VARIABLE = YES;
				IPHONEOS_DEPLOYMENT_TARGET = 9.3;
				MTL_ENABLE_DEBUG_INFO = NO;
				SDKROOT = iphoneos;
				TARGETED_DEVICE_FAMILY = "1,2";
				VALIDATE_PRODUCT = YES;
			};
			name = Release;
		};
		3F57F6021CB510B300076154 /* Debug */ = {
			isa = XCBuildConfiguration;
			baseConfigurationReference = 8ECC82EAEDCB9E79561DB2EA /* Pods.debug.xcconfig */;
			buildSettings = {
				ASSETCATALOG_COMPILER_APPICON_NAME = AppIcon;
				CLANG_ENABLE_MODULES = YES;
				CODE_SIGN_ENTITLEMENTS = PWCloud/PWCloud.entitlements;
				INFOPLIST_FILE = PWCloud/Info.plist;
				LD_RUNPATH_SEARCH_PATHS = "$(inherited) @executable_path/Frameworks";
				PRODUCT_BUNDLE_IDENTIFIER = info.paveway.PWCloud;
				PRODUCT_NAME = "$(TARGET_NAME)";
				SWIFT_OBJC_BRIDGING_HEADER = "PWCloud/PWCloud-Bridging-Header.h";
				SWIFT_OPTIMIZATION_LEVEL = "-Onone";
			};
			name = Debug;
		};
		3F57F6031CB510B300076154 /* Release */ = {
			isa = XCBuildConfiguration;
			baseConfigurationReference = 352E231B0684F42F8E3E6CC8 /* Pods.release.xcconfig */;
			buildSettings = {
				ASSETCATALOG_COMPILER_APPICON_NAME = AppIcon;
				CLANG_ENABLE_MODULES = YES;
				CODE_SIGN_ENTITLEMENTS = PWCloud/PWCloud.entitlements;
				INFOPLIST_FILE = PWCloud/Info.plist;
				LD_RUNPATH_SEARCH_PATHS = "$(inherited) @executable_path/Frameworks";
				PRODUCT_BUNDLE_IDENTIFIER = info.paveway.PWCloud;
				PRODUCT_NAME = "$(TARGET_NAME)";
				SWIFT_OBJC_BRIDGING_HEADER = "PWCloud/PWCloud-Bridging-Header.h";
			};
			name = Release;
		};
/* End XCBuildConfiguration section */

/* Begin XCConfigurationList section */
		3F57F5EA1CB510B300076154 /* Build configuration list for PBXProject "PWCloud" */ = {
			isa = XCConfigurationList;
			buildConfigurations = (
				3F57F5FF1CB510B300076154 /* Debug */,
				3F57F6001CB510B300076154 /* Release */,
			);
			defaultConfigurationIsVisible = 0;
			defaultConfigurationName = Release;
		};
		3F57F6011CB510B300076154 /* Build configuration list for PBXNativeTarget "PWCloud" */ = {
			isa = XCConfigurationList;
			buildConfigurations = (
				3F57F6021CB510B300076154 /* Debug */,
				3F57F6031CB510B300076154 /* Release */,
			);
			defaultConfigurationIsVisible = 0;
			defaultConfigurationName = Release;
		};
/* End XCConfigurationList section */
	};
	rootObject = 3F57F5E71CB510B300076154 /* Project object */;
}
